
Microsoft Visual Studio Solution File, Format Version 12.00
# Visual Studio Version 17
VisualStudioVersion = 17.9.34728.123
MinimumVisualStudioVersion = 10.0.40219.1
Project("{FAE04EC0-301F-11D3-BF4B-00C04F79EFBC}") = "Proyecto", "GUI_MODERNISTA\Proyecto.csproj", "{D31F941D-85E3-495C-829A-C320E58E73E0}"
EndProject
Global
	GlobalSection(SolutionConfigurationPlatforms) = preSolution
		Debug|Any CPU = Debug|Any CPU
		Release|Any CPU = Release|Any CPU
	EndGlobalSection
	GlobalSection(ProjectConfigurationPlatforms) = postSolution
		{D31F941D-85E3-495C-829A-C320E58E73E0}.Debug|Any CPU.ActiveCfg = Debug|Any CPU
		{D31F941D-85E3-495C-829A-C320E58E73E0}.Debug|Any CPU.Build.0 = Debug|Any CPU
		{D31F941D-85E3-495C-829A-C320E58E73E0}.Release|Any CPU.ActiveCfg = Release|Any CPU
		{D31F941D-85E3-495C-829A-C320E58E73E0}.Release|Any CPU.Build.0 = Release|Any CPU
	EndGlobalSection
	GlobalSection(SolutionProperties) = preSolution
		HideSolutionNode = FALSE
	EndGlobalSection
	GlobalSection(ExtensibilityGlobals) = postSolution
		SolutionGuid = {F7C648E6-413A-4EED-A2E3-6A11ED8020BC}
	EndGlobalSection
EndGlobal
